
Microsoft Visual Studio Solution File, Format Version 12.00
# Visual Studio Version 16
VisualStudioVersion = 16.0.31025.194
MinimumVisualStudioVersion = 10.0.40219.1
Project("{FAE04EC0-301F-11D3-BF4B-00C04F79EFBC}") = "Domain.AssessementWebAPI", "Domain.AssessementWebAPI\Domain.AssessementWebAPI.csproj", "{DA3E6DCE-5D60-42A3-BB67-A10E81CE43B9}"
EndProject
Project("{FAE04EC0-301F-11D3-BF4B-00C04F79EFBC}") = "Infrastrucuture.AssessementWebAPI", "Infrastrucuture.AssessementWebAPI\Infrastrucuture.AssessementWebAPI.csproj", "{267911E6-A140-423D-8CB6-6C47EF808E9D}"
EndProject
Project("{FAE04EC0-301F-11D3-BF4B-00C04F79EFBC}") = "API.AssessementWebAPI", "API.AssessementWebAPI\API.AssessementWebAPI.csproj", "{30AACD08-2A19-405F-B17D-3D094F57CF6C}"
EndProject
Global
	GlobalSection(SolutionConfigurationPlatforms) = preSolution
		Debug|Any CPU = Debug|Any CPU
		Release|Any CPU = Release|Any CPU
	EndGlobalSection
	GlobalSection(ProjectConfigurationPlatforms) = postSolution
		{DA3E6DCE-5D60-42A3-BB67-A10E81CE43B9}.Debug|Any CPU.ActiveCfg = Debug|Any CPU
		{DA3E6DCE-5D60-42A3-BB67-A10E81CE43B9}.Debug|Any CPU.Build.0 = Debug|Any CPU
		{DA3E6DCE-5D60-42A3-BB67-A10E81CE43B9}.Release|Any CPU.ActiveCfg = Release|Any CPU
		{DA3E6DCE-5D60-42A3-BB67-A10E81CE43B9}.Release|Any CPU.Build.0 = Release|Any CPU
		{267911E6-A140-423D-8CB6-6C47EF808E9D}.Debug|Any CPU.ActiveCfg = Debug|Any CPU
		{267911E6-A140-423D-8CB6-6C47EF808E9D}.Debug|Any CPU.Build.0 = Debug|Any CPU
		{267911E6-A140-423D-8CB6-6C47EF808E9D}.Release|Any CPU.ActiveCfg = Release|Any CPU
		{267911E6-A140-423D-8CB6-6C47EF808E9D}.Release|Any CPU.Build.0 = Release|Any CPU
		{30AACD08-2A19-405F-B17D-3D094F57CF6C}.Debug|Any CPU.ActiveCfg = Debug|Any CPU
		{30AACD08-2A19-405F-B17D-3D094F57CF6C}.Debug|Any CPU.Build.0 = Debug|Any CPU
		{30AACD08-2A19-405F-B17D-3D094F57CF6C}.Release|Any CPU.ActiveCfg = Release|Any CPU
		{30AACD08-2A19-405F-B17D-3D094F57CF6C}.Release|Any CPU.Build.0 = Release|Any CPU
	EndGlobalSection
	GlobalSection(SolutionProperties) = preSolution
		HideSolutionNode = FALSE
	EndGlobalSection
	GlobalSection(ExtensibilityGlobals) = postSolution
		SolutionGuid = {76B09F0B-FE9D-4204-BE10-6CCCDDD6A5EC}
	EndGlobalSection
EndGlobal
